// !$*UTF8*$!
{
	archiveVersion = 1;
	classes = {
	};
	objectVersion = 46;
	objects = {

/* Begin PBXBuildFile section */
		370B25A41487B7BA00403D9E /* UIKit.framework in Frameworks */ = {isa = PBXBuildFile; fileRef = 370B25A31487B7BA00403D9E /* UIKit.framework */; };
		370B25A61487B7BA00403D9E /* Foundation.framework in Frameworks */ = {isa = PBXBuildFile; fileRef = 370B25A51487B7BA00403D9E /* Foundation.framework */; };
		370B25A81487B7BA00403D9E /* CoreGraphics.framework in Frameworks */ = {isa = PBXBuildFile; fileRef = 370B25A71487B7BA00403D9E /* CoreGraphics.framework */; };
		370B25AE1487B7BA00403D9E /* InfoPlist.strings in Resources */ = {isa = PBXBuildFile; fileRef = 370B25AC1487B7BA00403D9E /* InfoPlist.strings */; };
		370B25B01487B7BA00403D9E /* main.m in Sources */ = {isa = PBXBuildFile; fileRef = 370B25AF1487B7BA00403D9E /* main.m */; };
		370B25B41487B7BB00403D9E /* AppDelegate.m in Sources */ = {isa = PBXBuildFile; fileRef = 370B25B31487B7BB00403D9E /* AppDelegate.m */; };
		370B25B71487B7BB00403D9E /* MainStoryboard.storyboard in Resources */ = {isa = PBXBuildFile; fileRef = 370B25B51487B7BB00403D9E /* MainStoryboard.storyboard */; };
		370B25BA1487B7BB00403D9E /* FirstViewController.m in Sources */ = {isa = PBXBuildFile; fileRef = 370B25B91487B7BB00403D9E /* FirstViewController.m */; };
		370B25BC1487B7BB00403D9E /* first.png in Resources */ = {isa = PBXBuildFile; fileRef = 370B25BB1487B7BB00403D9E /* first.png */; };
		370B25BE1487B7BB00403D9E /* first@2x.png in Resources */ = {isa = PBXBuildFile; fileRef = 370B25BD1487B7BB00403D9E /* first@2x.png */; };
		370B25C31487B7BB00403D9E /* second.png in Resources */ = {isa = PBXBuildFile; fileRef = 370B25C21487B7BB00403D9E /* second.png */; };
		370B25C51487B7BB00403D9E /* second@2x.png in Resources */ = {isa = PBXBuildFile; fileRef = 370B25C41487B7BB00403D9E /* second@2x.png */; };
		370B25CD1487B7DE00403D9E /* SecondViewController.m in Sources */ = {isa = PBXBuildFile; fileRef = 370B25CC1487B7DE00403D9E /* SecondViewController.m */; };
/* End PBXBuildFile section */

/* Begin PBXFileReference section */
		370B259F1487B7BA00403D9E /* SQL.app */ = {isa = PBXFileReference; explicitFileType = wrapper.application; includeInIndex = 0; path = SQL.app; sourceTree = BUILT_PRODUCTS_DIR; };
		370B25A31487B7BA00403D9E /* UIKit.framework */ = {isa = PBXFileReference; lastKnownFileType = wrapper.framework; name = UIKit.framework; path = System/Library/Frameworks/UIKit.framework; sourceTree = SDKROOT; };
		370B25A51487B7BA00403D9E /* Foundation.framework */ = {isa = PBXFileReference; lastKnownFileType = wrapper.framework; name = Foundation.framework; path = System/Library/Frameworks/Foundation.framework; sourceTree = SDKROOT; };
		370B25A71487B7BA00403D9E /* CoreGraphics.framework */ = {isa = PBXFileReference; lastKnownFileType = wrapper.framework; name = CoreGraphics.framework; path = System/Library/Frameworks/CoreGraphics.framework; sourceTree = SDKROOT; };
		370B25AB1487B7BA00403D9E /* SQL-Info.plist */ = {isa = PBXFileReference; lastKnownFileType = text.plist.xml; path = "SQL-Info.plist"; sourceTree = "<group>"; };
		370B25AD1487B7BA00403D9E /* en */ = {isa = PBXFileReference; lastKnownFileType = text.plist.strings; name = en; path = en.lproj/InfoPlist.strings; sourceTree = "<group>"; };
		370B25AF1487B7BA00403D9E /* main.m */ = {isa = PBXFileReference; lastKnownFileType = sourcecode.c.objc; path = main.m; sourceTree = "<group>"; };
		370B25B11487B7BB00403D9E /* SQL-Prefix.pch */ = {isa = PBXFileReference; lastKnownFileType = sourcecode.c.h; path = "SQL-Prefix.pch"; sourceTree = "<group>"; };
		370B25B21487B7BB00403D9E /* AppDelegate.h */ = {isa = PBXFileReference; lastKnownFileType = sourcecode.c.h; path = AppDelegate.h; sourceTree = "<group>"; };
		370B25B31487B7BB00403D9E /* AppDelegate.m */ = {isa = PBXFileReference; lastKnownFileType = sourcecode.c.objc; path = AppDelegate.m; sourceTree = "<group>"; };
		370B25B61487B7BB00403D9E /* en */ = {isa = PBXFileReference; lastKnownFileType = file.storyboard; name = en; path = en.lproj/MainStoryboard.storyboard; sourceTree = "<group>"; };
		370B25B81487B7BB00403D9E /* FirstViewController.h */ = {isa = PBXFileReference; lastKnownFileType = sourcecode.c.h; path = FirstViewController.h; sourceTree = "<group>"; };
		370B25B91487B7BB00403D9E /* FirstViewController.m */ = {isa = PBXFileReference; lastKnownFileType = sourcecode.c.objc; path = FirstViewController.m; sourceTree = "<group>"; };
		370B25BB1487B7BB00403D9E /* first.png */ = {isa = PBXFileReference; lastKnownFileType = image.png; path = first.png; sourceTree = "<group>"; };
		370B25BD1487B7BB00403D9E /* first@2x.png */ = {isa = PBXFileReference; lastKnownFileType = image.png; path = "first@2x.png"; sourceTree = "<group>"; };
		370B25C21487B7BB00403D9E /* second.png */ = {isa = PBXFileReference; lastKnownFileType = image.png; path = second.png; sourceTree = "<group>"; };
		370B25C41487B7BB00403D9E /* second@2x.png */ = {isa = PBXFileReference; lastKnownFileType = image.png; path = "second@2x.png"; sourceTree = "<group>"; };
		370B25CB1487B7DE00403D9E /* SecondViewController.h */ = {isa = PBXFileReference; fileEncoding = 4; lastKnownFileType = sourcecode.c.h; path = SecondViewController.h; sourceTree = "<group>"; };
		370B25CC1487B7DE00403D9E /* SecondViewController.m */ = {isa = PBXFileReference; fileEncoding = 4; lastKnownFileType = sourcecode.c.objc; path = SecondViewController.m; sourceTree = "<group>"; };
/* End PBXFileReference section */

/* Begin PBXFrameworksBuildPhase section */
		370B259C1487B7BA00403D9E /* Frameworks */ = {
			isa = PBXFrameworksBuildPhase;
			buildActionMask = 2147483647;
			files = (
				370B25A41487B7BA00403D9E /* UIKit.framework in Frameworks */,
				370B25A61487B7BA00403D9E /* Foundation.framework in Frameworks */,
				370B25A81487B7BA00403D9E /* CoreGraphics.framework in Frameworks */,
			);
			runOnlyForDeploymentPostprocessing = 0;
		};
/* End PBXFrameworksBuildPhase section */

/* Begin PBXGroup section */
		370B25941487B7BA00403D9E = {
			isa = PBXGroup;
			children = (
				370B25A91487B7BA00403D9E /* SQL */,
				370B25A21487B7BA00403D9E /* Frameworks */,
				370B25A01487B7BA00403D9E /* Products */,
			);
			sourceTree = "<group>";
		};
		370B25A01487B7BA00403D9E /* Products */ = {
			isa = PBXGroup;
			children = (
				370B259F1487B7BA00403D9E /* SQL.app */,
			);
			name = Products;
			sourceTree = "<group>";
		};
		370B25A21487B7BA00403D9E /* Frameworks */ = {
			isa = PBXGroup;
			children = (
				370B25A31487B7BA00403D9E /* UIKit.framework */,
				370B25A51487B7BA00403D9E /* Foundation.framework */,
				370B25A71487B7BA00403D9E /* CoreGraphics.framework */,
			);
			name = Frameworks;
			sourceTree = "<group>";
		};
		370B25A91487B7BA00403D9E /* SQL */ = {
			isa = PBXGroup;
			children = (
				370B25B21487B7BB00403D9E /* AppDelegate.h */,
				370B25B31487B7BB00403D9E /* AppDelegate.m */,
				370B25B51487B7BB00403D9E /* MainStoryboard.storyboard */,
				370B25B81487B7BB00403D9E /* FirstViewController.h */,
				370B25B91487B7BB00403D9E /* FirstViewController.m */,
				370B25BB1487B7BB00403D9E /* first.png */,
				370B25BD1487B7BB00403D9E /* first@2x.png */,
				370B25CB1487B7DE00403D9E /* SecondViewController.h */,
				370B25CC1487B7DE00403D9E /* SecondViewController.m */,
				370B25C21487B7BB00403D9E /* second.png */,
				370B25C41487B7BB00403D9E /* second@2x.png */,
				370B25AA1487B7BA00403D9E /* Supporting Files */,
			);
			path = SQL;
			sourceTree = "<group>";
		};
		370B25AA1487B7BA00403D9E /* Supporting Files */ = {
			isa = PBXGroup;
			children = (
				370B25AB1487B7BA00403D9E /* SQL-Info.plist */,
				370B25AC1487B7BA00403D9E /* InfoPlist.strings */,
				370B25AF1487B7BA00403D9E /* main.m */,
				370B25B11487B7BB00403D9E /* SQL-Prefix.pch */,
			);
			name = "Supporting Files";
			sourceTree = "<group>";
		};
/* End PBXGroup section */

/* Begin PBXNativeTarget section */
		370B259E1487B7BA00403D9E /* SQL */ = {
			isa = PBXNativeTarget;
			buildConfigurationList = 370B25C81487B7BB00403D9E /* Build configuration list for PBXNativeTarget "SQL" */;
			buildPhases = (
				370B259B1487B7BA00403D9E /* Sources */,
				370B259C1487B7BA00403D9E /* Frameworks */,
				370B259D1487B7BA00403D9E /* Resources */,
			);
			buildRules = (
			);
			dependencies = (
			);
			name = SQL;
			productName = SQL;
			productReference = 370B259F1487B7BA00403D9E /* SQL.app */;
			productType = "com.apple.product-type.application";
		};
/* End PBXNativeTarget section */

/* Begin PBXProject section */
		370B25961487B7BA00403D9E /* Project object */ = {
			isa = PBXProject;
			attributes = {
				LastUpgradeCheck = 0420;
			};
			buildConfigurationList = 370B25991487B7BA00403D9E /* Build configuration list for PBXProject "SQL" */;
			compatibilityVersion = "Xcode 3.2";
			developmentRegion = English;
			hasScannedForEncodings = 0;
			knownRegions = (
				en,
			);
			mainGroup = 370B25941487B7BA00403D9E;
			productRefGroup = 370B25A01487B7BA00403D9E /* Products */;
			projectDirPath = "";
			projectRoot = "";
			targets = (
				370B259E1487B7BA00403D9E /* SQL */,
			);
		};
/* End PBXProject section */

/* Begin PBXResourcesBuildPhase section */
		370B259D1487B7BA00403D9E /* Resources */ = {
			isa = PBXResourcesBuildPhase;
			buildActionMask = 2147483647;
			files = (
				370B25AE1487B7BA00403D9E /* InfoPlist.strings in Resources */,
				370B25B71487B7BB00403D9E /* MainStoryboard.storyboard in Resources */,
				370B25BC1487B7BB00403D9E /* first.png in Resources */,
				370B25BE1487B7BB00403D9E /* first@2x.png in Resources */,
				370B25C31487B7BB00403D9E /* second.png in Resources */,
				370B25C51487B7BB00403D9E /* second@2x.png in Resources */,
			);
			runOnlyForDeploymentPostprocessing = 0;
		};
/* End PBXResourcesBuildPhase section */

/* Begin PBXSourcesBuildPhase section */
		370B259B1487B7BA00403D9E /* Sources */ = {
			isa = PBXSourcesBuildPhase;
			buildActionMask = 2147483647;
			files = (
				370B25B01487B7BA00403D9E /* main.m in Sources */,
				370B25B41487B7BB00403D9E /* AppDelegate.m in Sources */,
				370B25BA1487B7BB00403D9E /* FirstViewController.m in Sources */,
				370B25CD1487B7DE00403D9E /* SecondViewController.m in Sources */,
			);
			runOnlyForDeploymentPostprocessing = 0;
		};
/* End PBXSourcesBuildPhase section */

/* Begin PBXVariantGroup section */
		370B25AC1487B7BA00403D9E /* InfoPlist.strings */ = {
			isa = PBXVariantGroup;
			children = (
				370B25AD1487B7BA00403D9E /* en */,
			);
			name = InfoPlist.strings;
			sourceTree = "<group>";
		};
		370B25B51487B7BB00403D9E /* MainStoryboard.storyboard */ = {
			isa = PBXVariantGroup;
			children = (
				370B25B61487B7BB00403D9E /* en */,
			);
			name = MainStoryboard.storyboard;
			sourceTree = "<group>";
		};
/* End PBXVariantGroup section */

/* Begin XCBuildConfiguration section */
		370B25C61487B7BB00403D9E /* Debug */ = {
			isa = XCBuildConfiguration;
			buildSettings = {
				ALWAYS_SEARCH_USER_PATHS = NO;
				ARCHS = "$(ARCHS_STANDARD_32_BIT)";
				CLANG_ENABLE_OBJC_ARC = YES;
				"CODE_SIGN_IDENTITY[sdk=iphoneos*]" = "iPhone Developer";
				COPY_PHASE_STRIP = NO;
				GCC_C_LANGUAGE_STANDARD = gnu99;
				GCC_DYNAMIC_NO_PIC = NO;
				GCC_OPTIMIZATION_LEVEL = 0;
				GCC_PREPROCESSOR_DEFINITIONS = (
					"DEBUG=1",
					"$(inherited)",
				);
				GCC_SYMBOLS_PRIVATE_EXTERN = NO;
				GCC_VERSION = com.apple.compilers.llvm.clang.1_0;
				GCC_WARN_ABOUT_MISSING_PROTOTYPES = YES;
				GCC_WARN_ABOUT_RETURN_TYPE = YES;
				GCC_WARN_UNUSED_VARIABLE = YES;
				IPHONEOS_DEPLOYMENT_TARGET = 5.0;
				SDKROOT = iphoneos;
			};
			name = Debug;
		};
		370B25C71487B7BB00403D9E /* Release */ = {
			isa = XCBuildConfiguration;
			buildSettings = {
				ALWAYS_SEARCH_USER_PATHS = NO;
				ARCHS = "$(ARCHS_STANDARD_32_BIT)";
				CLANG_ENABLE_OBJC_ARC = YES;
				"CODE_SIGN_IDENTITY[sdk=iphoneos*]" = "iPhone Developer";
				COPY_PHASE_STRIP = YES;
				GCC_C_LANGUAGE_STANDARD = gnu99;
				GCC_VERSION = com.apple.compilers.llvm.clang.1_0;
				GCC_WARN_ABOUT_MISSING_PROTOTYPES = YES;
				GCC_WARN_ABOUT_RETURN_TYPE = YES;
				GCC_WARN_UNUSED_VARIABLE = YES;
				IPHONEOS_DEPLOYMENT_TARGET = 5.0;
				OTHER_CFLAGS = "-DNS_BLOCK_ASSERTIONS=1";
				SDKROOT = iphoneos;
				VALIDATE_PRODUCT = YES;
			};
			name = Release;
		};
		370B25C91487B7BB00403D9E /* Debug */ = {
			isa = XCBuildConfiguration;
			buildSettings = {
				GCC_PRECOMPILE_PREFIX_HEADER = YES;
				GCC_PREFIX_HEADER = "SQL/SQL-Prefix.pch";
				INFOPLIST_FILE = "SQL/SQL-Info.plist";
				PRODUCT_NAME = "$(TARGET_NAME)";
				WRAPPER_EXTENSION = app;
			};
			name = Debug;
		};
		370B25CA1487B7BB00403D9E /* Release */ = {
			isa = XCBuildConfiguration;
			buildSettings = {
				GCC_PRECOMPILE_PREFIX_HEADER = YES;
				GCC_PREFIX_HEADER = "SQL/SQL-Prefix.pch";
				INFOPLIST_FILE = "SQL/SQL-Info.plist";
				PRODUCT_NAME = "$(TARGET_NAME)";
				WRAPPER_EXTENSION = app;
			};
			name = Release;
		};
/* End XCBuildConfiguration section */

/* Begin XCConfigurationList section */
		370B25991487B7BA00403D9E /* Build configuration list for PBXProject "SQL" */ = {
			isa = XCConfigurationList;
			buildConfigurations = (
				370B25C61487B7BB00403D9E /* Debug */,
				370B25C71487B7BB00403D9E /* Release */,
			);
			defaultConfigurationIsVisible = 0;
			defaultConfigurationName = Release;
		};
		370B25C81487B7BB00403D9E /* Build configuration list for PBXNativeTarget "SQL" */ = {
			isa = XCConfigurationList;
			buildConfigurations = (
				370B25C91487B7BB00403D9E /* Debug */,
				370B25CA1487B7BB00403D9E /* Release */,
			);
			defaultConfigurationIsVisible = 0;
		};
/* End XCConfigurationList section */
	};
	rootObject = 370B25961487B7BA00403D9E /* Project object */;
}
